{
    "name": "analog-fractal",
    "version": "1.0.0",
    "lockfileVersion": 3,
    "requires": true,
    "packages": {
        "": {
            "name": "analog-fractal",
            "version": "1.0.0",
            "dependencies": {
                "@rebble/clay": "^1.0.10"
            }
        },
        "node_modules/@rebble/clay": {
            "version": "1.1.0",
            "license": "MIT"
        }
    }
}
